<?xml version="1.0" encoding="utf-8"?>
<Project ToolsVersion="4.0" xmlns="http://schemas.microsoft.com/developer/msbuild/2003">
  <ItemGroup>
    <ClCompile Include="Character.cpp" />
    <ClCompile Include="Animation.cpp" />
    <ClCompile Include="Application.cpp" />
    <ClCompile Include="BloomEffect.cpp" />
    <ClCompile Include="Button.cpp" />
    <ClCompile Include="Command.cpp" />
    <ClCompile Include="CommandQueue.cpp" />
    <ClCompile Include="Component.cpp" />
    <ClCompile Include="Container.cpp" />
    <ClCompile Include="DataTables.cpp" />
    <ClCompile Include="EmitterNode.cpp" />
    <ClCompile Include="Entity.cpp" />
    <ClCompile Include="Game.cpp" />
    <ClCompile Include="GameOverState.cpp" />
    <ClCompile Include="GameState.cpp" />
    <ClCompile Include="Label.cpp" />
    <ClCompile Include="Main.cpp" />
    <ClCompile Include="MenuState.cpp" />
    <ClCompile Include="MusicPlayer.cpp" />
    <ClCompile Include="ParticleNode.cpp" />
    <ClCompile Include="PauseState.cpp" />
    <ClCompile Include="Pickup.cpp" />
    <ClCompile Include="PlayersController.cpp" />
    <ClCompile Include="PostEffect.cpp" />
    <ClCompile Include="PreGameState.cpp" />
    <ClCompile Include="Projectile.cpp" />
    <ClCompile Include="RGBColour.cpp" />
    <ClCompile Include="SceneNode.cpp" />
    <ClCompile Include="SettingsState.cpp" />
    <ClCompile Include="SoundNode.cpp" />
    <ClCompile Include="SoundPlayer.cpp" />
    <ClCompile Include="SpriteNode.cpp" />
    <ClCompile Include="State.cpp" />
    <ClCompile Include="StateStack.cpp" />
    <ClCompile Include="TextNode.cpp" />
    <ClCompile Include="TextureHolder.cpp" />
    <ClCompile Include="TitleState.cpp" />
    <ClCompile Include="Utility.cpp" />
    <ClCompile Include="World.cpp" />
    <ClCompile Include="ResourceNode.cpp" />
    <ClCompile Include="CharacterAnimation.cpp" />
    <ClCompile Include="MultiplayerState.cpp" />
    <ClCompile Include="GameServer.cpp" />
  </ItemGroup>
  <ItemGroup>
    <ClInclude Include="Action.hpp" />
    <ClInclude Include="Character.hpp" />
    <ClInclude Include="CharacterType.hpp" />
    <ClInclude Include="Animation.hpp" />
    <ClInclude Include="Application.hpp" />
    <ClInclude Include="BloomEffect.hpp" />
    <ClInclude Include="Button.hpp" />
    <ClInclude Include="ButtonType.hpp" />
    <ClInclude Include="Command.hpp" />
    <ClInclude Include="CommandQueue.hpp" />
    <ClInclude Include="Component.hpp" />
    <ClInclude Include="Constants.hpp" />
    <ClInclude Include="Container.hpp" />
    <ClInclude Include="DataTables.hpp" />
    <ClInclude Include="EmitterNode.hpp" />
    <ClInclude Include="Entity.hpp" />
    <ClInclude Include="FacingDirections.hpp" />
    <ClInclude Include="Font.hpp" />
    <ClInclude Include="Game.hpp" />
    <ClInclude Include="GameOverState.hpp" />
    <ClInclude Include="GameState.hpp" />
    <ClInclude Include="Label.hpp" />
    <ClInclude Include="MenuOptions.hpp" />
    <ClInclude Include="MenuState.hpp" />
    <ClInclude Include="GameStatus.hpp" />
    <ClInclude Include="MusicPlayer.hpp" />
    <ClInclude Include="MusicThemes.hpp" />
    <ClInclude Include="Particle.hpp" />
    <ClInclude Include="ParticleNode.hpp" />
    <ClInclude Include="ParticleType.hpp" />
    <ClInclude Include="PauseState.hpp" />
    <ClInclude Include="Pickup.hpp" />
    <ClInclude Include="PickupType.hpp" />
    <ClInclude Include="PlayersController.hpp" />
    <ClInclude Include="PostEffect.hpp" />
    <ClInclude Include="PreGameState.hpp" />
    <ClInclude Include="Projectile.hpp" />
    <ClInclude Include="ProjectileType.hpp" />
    <ClInclude Include="ReceiverCategories.hpp" />
    <ClInclude Include="ResourceHolder.hpp" />
    <ClInclude Include="ResourceIdentifiers.hpp" />
    <ClInclude Include="RGBColour.hpp" />
    <ClInclude Include="SceneLayers.hpp" />
    <ClInclude Include="SceneNode.hpp" />
    <ClInclude Include="SettingsState.hpp" />
    <ClInclude Include="ShaderTypes.hpp" />
    <ClInclude Include="SoundEffect.hpp" />
    <ClInclude Include="SoundNode.hpp" />
    <ClInclude Include="SoundPlayer.hpp" />
    <ClInclude Include="SpriteNode.hpp" />
    <ClInclude Include="StackAction.hpp" />
    <ClInclude Include="State.hpp" />
    <ClInclude Include="StateID.hpp" />
    <ClInclude Include="StateStack.hpp" />
    <ClInclude Include="TextNode.hpp" />
    <ClInclude Include="TextureHolder.hpp" />
    <ClInclude Include="TextureID.hpp" />
    <ClInclude Include="TitleState.hpp" />
    <ClInclude Include="Utility.hpp" />
    <ClInclude Include="World.hpp" />
    <ClInclude Include="ResourceNode.hpp" />
    <ClInclude Include="CharacterAnimationType.hpp" />
    <ClInclude Include="CharacterAnimation.hpp" />
    <ClInclude Include="MultiplayerState.hpp" />
    <ClInclude Include="GameServer.hpp" />
    <ClInclude Include="NetworkProtocol.hpp" />
  </ItemGroup>
  <ItemGroup>
    <None Include="ResourceHolder.inl" />
  </ItemGroup>
</Project>